
Microsoft Visual Studio Solution File, Format Version 12.00
# Visual Studio Version 17
VisualStudioVersion = 17.5.33530.505
MinimumVisualStudioVersion = 10.0.40219.1
Project("{9A19103F-16F7-4668-BE54-9A1E7A4F7556}") = "Declato.Net", "Declato.Net.csproj", "{E439372C-9202-48A9-9373-CCFEEF191131}"
EndProject
Global
	GlobalSection(SolutionConfigurationPlatforms) = preSolution
		Debug|Any CPU = Debug|Any CPU
		Release|Any CPU = Release|Any CPU
	EndGlobalSection
	GlobalSection(ProjectConfigurationPlatforms) = postSolution
		{E439372C-9202-48A9-9373-CCFEEF191131}.Debug|Any CPU.ActiveCfg = Debug|Any CPU
		{E439372C-9202-48A9-9373-CCFEEF191131}.Debug|Any CPU.Build.0 = Debug|Any CPU
		{E439372C-9202-48A9-9373-CCFEEF191131}.Release|Any CPU.ActiveCfg = Release|Any CPU
		{E439372C-9202-48A9-9373-CCFEEF191131}.Release|Any CPU.Build.0 = Release|Any CPU
	EndGlobalSection
	GlobalSection(SolutionProperties) = preSolution
		HideSolutionNode = FALSE
	EndGlobalSection
	GlobalSection(ExtensibilityGlobals) = postSolution
		SolutionGuid = {843A75DE-B2A0-46F4-A577-993490D748C2}
	EndGlobalSection
EndGlobal
